
Microsoft Visual Studio Solution File, Format Version 12.00
# Visual Studio Version 17
VisualStudioVersion = 17.2.32630.192
MinimumVisualStudioVersion = 10.0.40219.1
Project("{9A19103F-16F7-4668-BE54-9A1E7A4F7556}") = "Exercicio", "Exercicio\Exercicio.csproj", "{6F01526C-6148-4809-BBE0-D005A4DD7FB8}"
EndProject
Project("{FAE04EC0-301F-11D3-BF4B-00C04F79EFBC}") = "Fatores_Primos", "Fatores_Primos\Fatores_Primos.csproj", "{D4751CB9-31E1-4DC9-BA70-C4CBC9D2A488}"
EndProject
Global
	GlobalSection(SolutionConfigurationPlatforms) = preSolution
		Debug|Any CPU = Debug|Any CPU
		Release|Any CPU = Release|Any CPU
	EndGlobalSection
	GlobalSection(ProjectConfigurationPlatforms) = postSolution
		{6F01526C-6148-4809-BBE0-D005A4DD7FB8}.Debug|Any CPU.ActiveCfg = Debug|Any CPU
		{6F01526C-6148-4809-BBE0-D005A4DD7FB8}.Debug|Any CPU.Build.0 = Debug|Any CPU
		{6F01526C-6148-4809-BBE0-D005A4DD7FB8}.Release|Any CPU.ActiveCfg = Release|Any CPU
		{6F01526C-6148-4809-BBE0-D005A4DD7FB8}.Release|Any CPU.Build.0 = Release|Any CPU
		{D4751CB9-31E1-4DC9-BA70-C4CBC9D2A488}.Debug|Any CPU.ActiveCfg = Debug|Any CPU
		{D4751CB9-31E1-4DC9-BA70-C4CBC9D2A488}.Debug|Any CPU.Build.0 = Debug|Any CPU
		{D4751CB9-31E1-4DC9-BA70-C4CBC9D2A488}.Release|Any CPU.ActiveCfg = Release|Any CPU
		{D4751CB9-31E1-4DC9-BA70-C4CBC9D2A488}.Release|Any CPU.Build.0 = Release|Any CPU
	EndGlobalSection
	GlobalSection(SolutionProperties) = preSolution
		HideSolutionNode = FALSE
	EndGlobalSection
	GlobalSection(ExtensibilityGlobals) = postSolution
		SolutionGuid = {E7D7D2FC-8A6F-4033-9CDA-6E5D29BB6A94}
	EndGlobalSection
EndGlobal
